
Microsoft Visual Studio Solution File, Format Version 12.00
# Visual Studio Version 17
VisualStudioVersion = 17.7.34202.233
MinimumVisualStudioVersion = 10.0.40219.1
Project("{FAE04EC0-301F-11D3-BF4B-00C04F79EFBC}") = "ForkKnight", "ForkKnight\ForkKnight.csproj", "{796AD015-98DC-486D-A70C-EE8916C574FB}"
EndProject
Global
	GlobalSection(SolutionConfigurationPlatforms) = preSolution
		Debug|Any CPU = Debug|Any CPU
		Release|Any CPU = Release|Any CPU
	EndGlobalSection
	GlobalSection(ProjectConfigurationPlatforms) = postSolution
		{796AD015-98DC-486D-A70C-EE8916C574FB}.Debug|Any CPU.ActiveCfg = Debug|Any CPU
		{796AD015-98DC-486D-A70C-EE8916C574FB}.Debug|Any CPU.Build.0 = Debug|Any CPU
		{796AD015-98DC-486D-A70C-EE8916C574FB}.Release|Any CPU.ActiveCfg = Release|Any CPU
		{796AD015-98DC-486D-A70C-EE8916C574FB}.Release|Any CPU.Build.0 = Release|Any CPU
	EndGlobalSection
	GlobalSection(SolutionProperties) = preSolution
		HideSolutionNode = FALSE
	EndGlobalSection
	GlobalSection(ExtensibilityGlobals) = postSolution
		SolutionGuid = {42D466AA-6ADD-4D39-B837-346D99C5EE43}
	EndGlobalSection
EndGlobal
